// !$*UTF8*$!
{
	archiveVersion = 1;
	classes = {
	};
	objectVersion = 50;
	objects = {

/* Begin PBXBuildFile section */
		152F7BE024BE1CD80022E2FF /* ViewController.swift in Sources */ = {isa = PBXBuildFile; fileRef = 152F7BDF24BE1CD80022E2FF /* ViewController.swift */; };
		152F7BE224BE36B10022E2FF /* FilterViewController.swift in Sources */ = {isa = PBXBuildFile; fileRef = 152F7BE124BE36B10022E2FF /* FilterViewController.swift */; };
		155D745724BEF49F0015A09B /* OneCategoryModel.swift in Sources */ = {isa = PBXBuildFile; fileRef = 155D745624BEF49F0015A09B /* OneCategoryModel.swift */; };
		155FA4AC24BC88E200879954 /* AppDelegate.swift in Sources */ = {isa = PBXBuildFile; fileRef = 155FA4AB24BC88E200879954 /* AppDelegate.swift */; };
		155FA4AE24BC88E200879954 /* SceneDelegate.swift in Sources */ = {isa = PBXBuildFile; fileRef = 155FA4AD24BC88E200879954 /* SceneDelegate.swift */; };
		155FA4B324BC88E200879954 /* Main.storyboard in Resources */ = {isa = PBXBuildFile; fileRef = 155FA4B124BC88E200879954 /* Main.storyboard */; };
		155FA4B524BC88E500879954 /* Assets.xcassets in Resources */ = {isa = PBXBuildFile; fileRef = 155FA4B424BC88E500879954 /* Assets.xcassets */; };
		155FA4B824BC88E500879954 /* LaunchScreen.storyboard in Resources */ = {isa = PBXBuildFile; fileRef = 155FA4B624BC88E500879954 /* LaunchScreen.storyboard */; };
		15AF9F3024BE42E300718AD7 /* CheckBox.swift in Sources */ = {isa = PBXBuildFile; fileRef = 15AF9F2F24BE42E300718AD7 /* CheckBox.swift */; };
		15AF9F3224BE4E4700718AD7 /* CategoryModel.swift in Sources */ = {isa = PBXBuildFile; fileRef = 15AF9F3124BE4E4700718AD7 /* CategoryModel.swift */; };
		15AF9F3424BE4E5100718AD7 /* DrinkModel.swift in Sources */ = {isa = PBXBuildFile; fileRef = 15AF9F3324BE4E5100718AD7 /* DrinkModel.swift */; };
		15AF9F3724BE624000718AD7 /* DrinkCell.swift in Sources */ = {isa = PBXBuildFile; fileRef = 15AF9F3624BE624000718AD7 /* DrinkCell.swift */; };
		15FF245924BE3AE90030F267 /* CategoryCell.swift in Sources */ = {isa = PBXBuildFile; fileRef = 15FF245824BE3AE90030F267 /* CategoryCell.swift */; };
/* End PBXBuildFile section */

/* Begin PBXFileReference section */
		152F7BDF24BE1CD80022E2FF /* ViewController.swift */ = {isa = PBXFileReference; lastKnownFileType = sourcecode.swift; path = ViewController.swift; sourceTree = "<group>"; };
		152F7BE124BE36B10022E2FF /* FilterViewController.swift */ = {isa = PBXFileReference; lastKnownFileType = sourcecode.swift; path = FilterViewController.swift; sourceTree = "<group>"; };
		155D745624BEF49F0015A09B /* OneCategoryModel.swift */ = {isa = PBXFileReference; lastKnownFileType = sourcecode.swift; path = OneCategoryModel.swift; sourceTree = "<group>"; };
		155FA4A824BC88E200879954 /* CocktailDB.app */ = {isa = PBXFileReference; explicitFileType = wrapper.application; includeInIndex = 0; path = CocktailDB.app; sourceTree = BUILT_PRODUCTS_DIR; };
		155FA4AB24BC88E200879954 /* AppDelegate.swift */ = {isa = PBXFileReference; lastKnownFileType = sourcecode.swift; path = AppDelegate.swift; sourceTree = "<group>"; };
		155FA4AD24BC88E200879954 /* SceneDelegate.swift */ = {isa = PBXFileReference; lastKnownFileType = sourcecode.swift; path = SceneDelegate.swift; sourceTree = "<group>"; };
		155FA4B224BC88E200879954 /* Base */ = {isa = PBXFileReference; lastKnownFileType = file.storyboard; name = Base; path = Base.lproj/Main.storyboard; sourceTree = "<group>"; };
		155FA4B424BC88E500879954 /* Assets.xcassets */ = {isa = PBXFileReference; lastKnownFileType = folder.assetcatalog; path = Assets.xcassets; sourceTree = "<group>"; };
		155FA4B724BC88E500879954 /* Base */ = {isa = PBXFileReference; lastKnownFileType = file.storyboard; name = Base; path = Base.lproj/LaunchScreen.storyboard; sourceTree = "<group>"; };
		155FA4B924BC88E500879954 /* Info.plist */ = {isa = PBXFileReference; lastKnownFileType = text.plist.xml; path = Info.plist; sourceTree = "<group>"; };
		15AF9F2F24BE42E300718AD7 /* CheckBox.swift */ = {isa = PBXFileReference; lastKnownFileType = sourcecode.swift; path = CheckBox.swift; sourceTree = "<group>"; };
		15AF9F3124BE4E4700718AD7 /* CategoryModel.swift */ = {isa = PBXFileReference; lastKnownFileType = sourcecode.swift; path = CategoryModel.swift; sourceTree = "<group>"; };
		15AF9F3324BE4E5100718AD7 /* DrinkModel.swift */ = {isa = PBXFileReference; lastKnownFileType = sourcecode.swift; path = DrinkModel.swift; sourceTree = "<group>"; };
		15AF9F3624BE624000718AD7 /* DrinkCell.swift */ = {isa = PBXFileReference; lastKnownFileType = sourcecode.swift; path = DrinkCell.swift; sourceTree = "<group>"; };
		15FF245824BE3AE90030F267 /* CategoryCell.swift */ = {isa = PBXFileReference; lastKnownFileType = sourcecode.swift; path = CategoryCell.swift; sourceTree = "<group>"; };
/* End PBXFileReference section */

/* Begin PBXFrameworksBuildPhase section */
		155FA4A524BC88E200879954 /* Frameworks */ = {
			isa = PBXFrameworksBuildPhase;
			buildActionMask = 2147483647;
			files = (
			);
			runOnlyForDeploymentPostprocessing = 0;
		};
/* End PBXFrameworksBuildPhase section */

/* Begin PBXGroup section */
		152F7BE324BE36BC0022E2FF /* ViewControllers */ = {
			isa = PBXGroup;
			children = (
				152F7BDF24BE1CD80022E2FF /* ViewController.swift */,
				152F7BE124BE36B10022E2FF /* FilterViewController.swift */,
			);
			path = ViewControllers;
			sourceTree = "<group>";
		};
		155FA49F24BC88E200879954 = {
			isa = PBXGroup;
			children = (
				155FA4AA24BC88E200879954 /* CocktailDB */,
				155FA4A924BC88E200879954 /* Products */,
			);
			sourceTree = "<group>";
		};
		155FA4A924BC88E200879954 /* Products */ = {
			isa = PBXGroup;
			children = (
				155FA4A824BC88E200879954 /* CocktailDB.app */,
			);
			name = Products;
			sourceTree = "<group>";
		};
		155FA4AA24BC88E200879954 /* CocktailDB */ = {
			isa = PBXGroup;
			children = (
				155FA4AB24BC88E200879954 /* AppDelegate.swift */,
				155FA4AD24BC88E200879954 /* SceneDelegate.swift */,
				152F7BE324BE36BC0022E2FF /* ViewControllers */,
				15AF9F3824BE656900718AD7 /* Cells */,
				15FF245A24BE3EA40030F267 /* Models */,
				15AF9F3524BE5FCA00718AD7 /* Subclasses */,
				155FA4B124BC88E200879954 /* Main.storyboard */,
				155FA4B424BC88E500879954 /* Assets.xcassets */,
				155FA4B624BC88E500879954 /* LaunchScreen.storyboard */,
				155FA4B924BC88E500879954 /* Info.plist */,
			);
			path = CocktailDB;
			sourceTree = "<group>";
		};
		15AF9F3524BE5FCA00718AD7 /* Subclasses */ = {
			isa = PBXGroup;
			children = (
				15AF9F2F24BE42E300718AD7 /* CheckBox.swift */,
			);
			path = Subclasses;
			sourceTree = "<group>";
		};
		15AF9F3824BE656900718AD7 /* Cells */ = {
			isa = PBXGroup;
			children = (
				15FF245824BE3AE90030F267 /* CategoryCell.swift */,
				15AF9F3624BE624000718AD7 /* DrinkCell.swift */,
			);
			path = Cells;
			sourceTree = "<group>";
		};
		15FF245A24BE3EA40030F267 /* Models */ = {
			isa = PBXGroup;
			children = (
				15AF9F3124BE4E4700718AD7 /* CategoryModel.swift */,
				15AF9F3324BE4E5100718AD7 /* DrinkModel.swift */,
				155D745624BEF49F0015A09B /* OneCategoryModel.swift */,
			);
			path = Models;
			sourceTree = "<group>";
		};
/* End PBXGroup section */

/* Begin PBXNativeTarget section */
		155FA4A724BC88E200879954 /* CocktailDB */ = {
			isa = PBXNativeTarget;
			buildConfigurationList = 155FA4BC24BC88E500879954 /* Build configuration list for PBXNativeTarget "CocktailDB" */;
			buildPhases = (
				155FA4A424BC88E200879954 /* Sources */,
				155FA4A524BC88E200879954 /* Frameworks */,
				155FA4A624BC88E200879954 /* Resources */,
			);
			buildRules = (
			);
			dependencies = (
			);
			name = CocktailDB;
			productName = CocktailDB;
			productReference = 155FA4A824BC88E200879954 /* CocktailDB.app */;
			productType = "com.apple.product-type.application";
		};
/* End PBXNativeTarget section */

/* Begin PBXProject section */
		155FA4A024BC88E200879954 /* Project object */ = {
			isa = PBXProject;
			attributes = {
				LastSwiftUpdateCheck = 1150;
				LastUpgradeCheck = 1150;
				ORGANIZATIONNAME = "Veronika Babii";
				TargetAttributes = {
					155FA4A724BC88E200879954 = {
						CreatedOnToolsVersion = 11.5;
					};
				};
			};
			buildConfigurationList = 155FA4A324BC88E200879954 /* Build configuration list for PBXProject "CocktailDB" */;
			compatibilityVersion = "Xcode 9.3";
			developmentRegion = en;
			hasScannedForEncodings = 0;
			knownRegions = (
				en,
				Base,
			);
			mainGroup = 155FA49F24BC88E200879954;
			productRefGroup = 155FA4A924BC88E200879954 /* Products */;
			projectDirPath = "";
			projectRoot = "";
			targets = (
				155FA4A724BC88E200879954 /* CocktailDB */,
			);
		};
/* End PBXProject section */

/* Begin PBXResourcesBuildPhase section */
		155FA4A624BC88E200879954 /* Resources */ = {
			isa = PBXResourcesBuildPhase;
			buildActionMask = 2147483647;
			files = (
				155FA4B824BC88E500879954 /* LaunchScreen.storyboard in Resources */,
				155FA4B524BC88E500879954 /* Assets.xcassets in Resources */,
				155FA4B324BC88E200879954 /* Main.storyboard in Resources */,
			);
			runOnlyForDeploymentPostprocessing = 0;
		};
/* End PBXResourcesBuildPhase section */

/* Begin PBXSourcesBuildPhase section */
		155FA4A424BC88E200879954 /* Sources */ = {
			isa = PBXSourcesBuildPhase;
			buildActionMask = 2147483647;
			files = (
				152F7BE024BE1CD80022E2FF /* ViewController.swift in Sources */,
				155FA4AC24BC88E200879954 /* AppDelegate.swift in Sources */,
				15AF9F3024BE42E300718AD7 /* CheckBox.swift in Sources */,
				152F7BE224BE36B10022E2FF /* FilterViewController.swift in Sources */,
				155D745724BEF49F0015A09B /* OneCategoryModel.swift in Sources */,
				15AF9F3724BE624000718AD7 /* DrinkCell.swift in Sources */,
				15AF9F3424BE4E5100718AD7 /* DrinkModel.swift in Sources */,
				15AF9F3224BE4E4700718AD7 /* CategoryModel.swift in Sources */,
				155FA4AE24BC88E200879954 /* SceneDelegate.swift in Sources */,
				15FF245924BE3AE90030F267 /* CategoryCell.swift in Sources */,
			);
			runOnlyForDeploymentPostprocessing = 0;
		};
/* End PBXSourcesBuildPhase section */

/* Begin PBXVariantGroup section */
		155FA4B124BC88E200879954 /* Main.storyboard */ = {
			isa = PBXVariantGroup;
			children = (
				155FA4B224BC88E200879954 /* Base */,
			);
			name = Main.storyboard;
			sourceTree = "<group>";
		};
		155FA4B624BC88E500879954 /* LaunchScreen.storyboard */ = {
			isa = PBXVariantGroup;
			children = (
				155FA4B724BC88E500879954 /* Base */,
			);
			name = LaunchScreen.storyboard;
			sourceTree = "<group>";
		};
/* End PBXVariantGroup section */

/* Begin XCBuildConfiguration section */
		155FA4BA24BC88E500879954 /* Debug */ = {
			isa = XCBuildConfiguration;
			buildSettings = {
				ALWAYS_SEARCH_USER_PATHS = NO;
				CLANG_ANALYZER_NONNULL = YES;
				CLANG_ANALYZER_NUMBER_OBJECT_CONVERSION = YES_AGGRESSIVE;
				CLANG_CXX_LANGUAGE_STANDARD = "gnu++14";
				CLANG_CXX_LIBRARY = "libc++";
				CLANG_ENABLE_MODULES = YES;
				CLANG_ENABLE_OBJC_ARC = YES;
				CLANG_ENABLE_OBJC_WEAK = YES;
				CLANG_WARN_BLOCK_CAPTURE_AUTORELEASING = YES;
				CLANG_WARN_BOOL_CONVERSION = YES;
				CLANG_WARN_COMMA = YES;
				CLANG_WARN_CONSTANT_CONVERSION = YES;
				CLANG_WARN_DEPRECATED_OBJC_IMPLEMENTATIONS = YES;
				CLANG_WARN_DIRECT_OBJC_ISA_USAGE = YES_ERROR;
				CLANG_WARN_DOCUMENTATION_COMMENTS = YES;
				CLANG_WARN_EMPTY_BODY = YES;
				CLANG_WARN_ENUM_CONVERSION = YES;
				CLANG_WARN_INFINITE_RECURSION = YES;
				CLANG_WARN_INT_CONVERSION = YES;
				CLANG_WARN_NON_LITERAL_NULL_CONVERSION = YES;
				CLANG_WARN_OBJC_IMPLICIT_RETAIN_SELF = YES;
				CLANG_WARN_OBJC_LITERAL_CONVERSION = YES;
				CLANG_WARN_OBJC_ROOT_CLASS = YES_ERROR;
				CLANG_WARN_RANGE_LOOP_ANALYSIS = YES;
				CLANG_WARN_STRICT_PROTOTYPES = YES;
				CLANG_WARN_SUSPICIOUS_MOVE = YES;
				CLANG_WARN_UNGUARDED_AVAILABILITY = YES_AGGRESSIVE;
				CLANG_WARN_UNREACHABLE_CODE = YES;
				CLANG_WARN__DUPLICATE_METHOD_MATCH = YES;
				COPY_PHASE_STRIP = NO;
				DEBUG_INFORMATION_FORMAT = dwarf;
				ENABLE_STRICT_OBJC_MSGSEND = YES;
				ENABLE_TESTABILITY = YES;
				GCC_C_LANGUAGE_STANDARD = gnu11;
				GCC_DYNAMIC_NO_PIC = NO;
				GCC_NO_COMMON_BLOCKS = YES;
				GCC_OPTIMIZATION_LEVEL = 0;
				GCC_PREPROCESSOR_DEFINITIONS = (
					"DEBUG=1",
					"$(inherited)",
				);
				GCC_WARN_64_TO_32_BIT_CONVERSION = YES;
				GCC_WARN_ABOUT_RETURN_TYPE = YES_ERROR;
				GCC_WARN_UNDECLARED_SELECTOR = YES;
				GCC_WARN_UNINITIALIZED_AUTOS = YES_AGGRESSIVE;
				GCC_WARN_UNUSED_FUNCTION = YES;
				GCC_WARN_UNUSED_VARIABLE = YES;
				IPHONEOS_DEPLOYMENT_TARGET = 13.5;
				MTL_ENABLE_DEBUG_INFO = INCLUDE_SOURCE;
				MTL_FAST_MATH = YES;
				ONLY_ACTIVE_ARCH = YES;
				SDKROOT = iphoneos;
				SWIFT_ACTIVE_COMPILATION_CONDITIONS = DEBUG;
				SWIFT_OPTIMIZATION_LEVEL = "-Onone";
			};
			name = Debug;
		};
		155FA4BB24BC88E500879954 /* Release */ = {
			isa = XCBuildConfiguration;
			buildSettings = {
				ALWAYS_SEARCH_USER_PATHS = NO;
				CLANG_ANALYZER_NONNULL = YES;
				CLANG_ANALYZER_NUMBER_OBJECT_CONVERSION = YES_AGGRESSIVE;
				CLANG_CXX_LANGUAGE_STANDARD = "gnu++14";
				CLANG_CXX_LIBRARY = "libc++";
				CLANG_ENABLE_MODULES = YES;
				CLANG_ENABLE_OBJC_ARC = YES;
				CLANG_ENABLE_OBJC_WEAK = YES;
				CLANG_WARN_BLOCK_CAPTURE_AUTORELEASING = YES;
				CLANG_WARN_BOOL_CONVERSION = YES;
				CLANG_WARN_COMMA = YES;
				CLANG_WARN_CONSTANT_CONVERSION = YES;
				CLANG_WARN_DEPRECATED_OBJC_IMPLEMENTATIONS = YES;
				CLANG_WARN_DIRECT_OBJC_ISA_USAGE = YES_ERROR;
				CLANG_WARN_DOCUMENTATION_COMMENTS = YES;
				CLANG_WARN_EMPTY_BODY = YES;
				CLANG_WARN_ENUM_CONVERSION = YES;
				CLANG_WARN_INFINITE_RECURSION = YES;
				CLANG_WARN_INT_CONVERSION = YES;
				CLANG_WARN_NON_LITERAL_NULL_CONVERSION = YES;
				CLANG_WARN_OBJC_IMPLICIT_RETAIN_SELF = YES;
				CLANG_WARN_OBJC_LITERAL_CONVERSION = YES;
				CLANG_WARN_OBJC_ROOT_CLASS = YES_ERROR;
				CLANG_WARN_RANGE_LOOP_ANALYSIS = YES;
				CLANG_WARN_STRICT_PROTOTYPES = YES;
				CLANG_WARN_SUSPICIOUS_MOVE = YES;
				CLANG_WARN_UNGUARDED_AVAILABILITY = YES_AGGRESSIVE;
				CLANG_WARN_UNREACHABLE_CODE = YES;
				CLANG_WARN__DUPLICATE_METHOD_MATCH = YES;
				COPY_PHASE_STRIP = NO;
				DEBUG_INFORMATION_FORMAT = "dwarf-with-dsym";
				ENABLE_NS_ASSERTIONS = NO;
				ENABLE_STRICT_OBJC_MSGSEND = YES;
				GCC_C_LANGUAGE_STANDARD = gnu11;
				GCC_NO_COMMON_BLOCKS = YES;
				GCC_WARN_64_TO_32_BIT_CONVERSION = YES;
				GCC_WARN_ABOUT_RETURN_TYPE = YES_ERROR;
				GCC_WARN_UNDECLARED_SELECTOR = YES;
				GCC_WARN_UNINITIALIZED_AUTOS = YES_AGGRESSIVE;
				GCC_WARN_UNUSED_FUNCTION = YES;
				GCC_WARN_UNUSED_VARIABLE = YES;
				IPHONEOS_DEPLOYMENT_TARGET = 13.5;
				MTL_ENABLE_DEBUG_INFO = NO;
				MTL_FAST_MATH = YES;
				SDKROOT = iphoneos;
				SWIFT_COMPILATION_MODE = wholemodule;
				SWIFT_OPTIMIZATION_LEVEL = "-O";
				VALIDATE_PRODUCT = YES;
			};
			name = Release;
		};
		155FA4BD24BC88E500879954 /* Debug */ = {
			isa = XCBuildConfiguration;
			buildSettings = {
				ASSETCATALOG_COMPILER_APPICON_NAME = AppIcon;
				CODE_SIGN_STYLE = Automatic;
				INFOPLIST_FILE = CocktailDB/Info.plist;
				LD_RUNPATH_SEARCH_PATHS = (
					"$(inherited)",
					"@executable_path/Frameworks",
				);
				PRODUCT_BUNDLE_IDENTIFIER = com.veronikababii.CocktailDB;
				PRODUCT_NAME = "$(TARGET_NAME)";
				SWIFT_VERSION = 5.0;
				TARGETED_DEVICE_FAMILY = 1;
			};
			name = Debug;
		};
		155FA4BE24BC88E500879954 /* Release */ = {
			isa = XCBuildConfiguration;
			buildSettings = {
				ASSETCATALOG_COMPILER_APPICON_NAME = AppIcon;
				CODE_SIGN_STYLE = Automatic;
				INFOPLIST_FILE = CocktailDB/Info.plist;
				LD_RUNPATH_SEARCH_PATHS = (
					"$(inherited)",
					"@executable_path/Frameworks",
				);
				PRODUCT_BUNDLE_IDENTIFIER = com.veronikababii.CocktailDB;
				PRODUCT_NAME = "$(TARGET_NAME)";
				SWIFT_VERSION = 5.0;
				TARGETED_DEVICE_FAMILY = 1;
			};
			name = Release;
		};
/* End XCBuildConfiguration section */

/* Begin XCConfigurationList section */
		155FA4A324BC88E200879954 /* Build configuration list for PBXProject "CocktailDB" */ = {
			isa = XCConfigurationList;
			buildConfigurations = (
				155FA4BA24BC88E500879954 /* Debug */,
				155FA4BB24BC88E500879954 /* Release */,
			);
			defaultConfigurationIsVisible = 0;
			defaultConfigurationName = Release;
		};
		155FA4BC24BC88E500879954 /* Build configuration list for PBXNativeTarget "CocktailDB" */ = {
			isa = XCConfigurationList;
			buildConfigurations = (
				155FA4BD24BC88E500879954 /* Debug */,
				155FA4BE24BC88E500879954 /* Release */,
			);
			defaultConfigurationIsVisible = 0;
			defaultConfigurationName = Release;
		};
/* End XCConfigurationList section */
	};
	rootObject = 155FA4A024BC88E200879954 /* Project object */;
}
